PODS:
  - EFFoundation (1.5.2):
    - EFFoundation/Core (= 1.5.2)
  - EFFoundation/Core (1.5.2)
  - ezgif (1.0.1):
    - EFFoundation (~> 1.5.2)

DEPENDENCIES:
  - ezgif (from `../`)

SPEC REPOS:
  trunk:
    - EFFoundation

EXTERNAL SOURCES:
  ezgif:
    :path: "../"

SPEC CHECKSUMS:
  EFFoundation: 75ebf4a2d4c185eb24c110fbdb0809c15f85c94f
  ezgif: 0278d8884d9b33f1423505fc9474f7c0f409f9bc

PODFILE CHECKSUM: b2abd59e5f18ccf921ac11e3102a73810a44922f

COCOAPODS: 1.11.3
